
Microsoft Visual Studio Solution File, Format Version 12.00
# Visual Studio Version 16
VisualStudioVersion = 16.0.30709.132
MinimumVisualStudioVersion = 10.0.40219.1
Project("{FAE04EC0-301F-11D3-BF4B-00C04F79EFBC}") = "Business Rules Engine", "Business Rules Engine\Business Rules Engine.csproj", "{295E6484-4125-45E7-A062-30B531770A34}"
EndProject
Global
	GlobalSection(SolutionConfigurationPlatforms) = preSolution
		Debug|Any CPU = Debug|Any CPU
		Release|Any CPU = Release|Any CPU
	EndGlobalSection
	GlobalSection(ProjectConfigurationPlatforms) = postSolution
		{295E6484-4125-45E7-A062-30B531770A34}.Debug|Any CPU.ActiveCfg = Debug|Any CPU
		{295E6484-4125-45E7-A062-30B531770A34}.Debug|Any CPU.Build.0 = Debug|Any CPU
		{295E6484-4125-45E7-A062-30B531770A34}.Release|Any CPU.ActiveCfg = Release|Any CPU
		{295E6484-4125-45E7-A062-30B531770A34}.Release|Any CPU.Build.0 = Release|Any CPU
	EndGlobalSection
	GlobalSection(SolutionProperties) = preSolution
		HideSolutionNode = FALSE
	EndGlobalSection
	GlobalSection(ExtensibilityGlobals) = postSolution
		SolutionGuid = {296FD012-51A2-48FA-B0F1-37B1883B794B}
	EndGlobalSection
EndGlobal
